
Microsoft Visual Studio Solution File, Format Version 12.00
# Visual Studio Version 16
VisualStudioVersion = 16.0.31729.503
MinimumVisualStudioVersion = 10.0.40219.1
Project("{FAE04EC0-301F-11D3-BF4B-00C04F79EFBC}") = "API", "API.csproj", "{6B5211DF-D230-484E-9AD5-AB7EDBE73404}"
EndProject
Project("{FAE04EC0-301F-11D3-BF4B-00C04F79EFBC}") = "DAL", "..\DAL\DAL.csproj", "{5DFB4BD5-379B-49B0-8DFC-E4738EB62A2D}"
EndProject
Global
	GlobalSection(SolutionConfigurationPlatforms) = preSolution
		Debug|Any CPU = Debug|Any CPU
		Release|Any CPU = Release|Any CPU
	EndGlobalSection
	GlobalSection(ProjectConfigurationPlatforms) = postSolution
		{6B5211DF-D230-484E-9AD5-AB7EDBE73404}.Debug|Any CPU.ActiveCfg = Debug|Any CPU
		{6B5211DF-D230-484E-9AD5-AB7EDBE73404}.Debug|Any CPU.Build.0 = Debug|Any CPU
		{6B5211DF-D230-484E-9AD5-AB7EDBE73404}.Release|Any CPU.ActiveCfg = Release|Any CPU
		{6B5211DF-D230-484E-9AD5-AB7EDBE73404}.Release|Any CPU.Build.0 = Release|Any CPU
		{5DFB4BD5-379B-49B0-8DFC-E4738EB62A2D}.Debug|Any CPU.ActiveCfg = Debug|Any CPU
		{5DFB4BD5-379B-49B0-8DFC-E4738EB62A2D}.Debug|Any CPU.Build.0 = Debug|Any CPU
		{5DFB4BD5-379B-49B0-8DFC-E4738EB62A2D}.Release|Any CPU.ActiveCfg = Release|Any CPU
		{5DFB4BD5-379B-49B0-8DFC-E4738EB62A2D}.Release|Any CPU.Build.0 = Release|Any CPU
	EndGlobalSection
	GlobalSection(SolutionProperties) = preSolution
		HideSolutionNode = FALSE
	EndGlobalSection
	GlobalSection(ExtensibilityGlobals) = postSolution
		SolutionGuid = {3B352D1D-93E6-4769-B601-A80C4F22026C}
	EndGlobalSection
EndGlobal
